
Microsoft Visual Studio Solution File, Format Version 12.00
# Visual Studio Version 17
VisualStudioVersion = 17.8.34511.84
MinimumVisualStudioVersion = 10.0.40219.1
Project("{FAE04EC0-301F-11D3-BF4B-00C04F79EFBC}") = "EF_CORE_Query_Homework", "EF_CORE_Query_Homework\EF_CORE_Query_Homework.csproj", "{1B1D6936-A21B-4A4F-8B78-6603EB672FEC}"
EndProject
Global
	GlobalSection(SolutionConfigurationPlatforms) = preSolution
		Debug|Any CPU = Debug|Any CPU
		Release|Any CPU = Release|Any CPU
	EndGlobalSection
	GlobalSection(ProjectConfigurationPlatforms) = postSolution
		{1B1D6936-A21B-4A4F-8B78-6603EB672FEC}.Debug|Any CPU.ActiveCfg = Debug|Any CPU
		{1B1D6936-A21B-4A4F-8B78-6603EB672FEC}.Debug|Any CPU.Build.0 = Debug|Any CPU
		{1B1D6936-A21B-4A4F-8B78-6603EB672FEC}.Release|Any CPU.ActiveCfg = Release|Any CPU
		{1B1D6936-A21B-4A4F-8B78-6603EB672FEC}.Release|Any CPU.Build.0 = Release|Any CPU
	EndGlobalSection
	GlobalSection(SolutionProperties) = preSolution
		HideSolutionNode = FALSE
	EndGlobalSection
	GlobalSection(ExtensibilityGlobals) = postSolution
		SolutionGuid = {C9D377A1-CC4C-4F48-B27B-949927120F1A}
	EndGlobalSection
EndGlobal
